
Microsoft Visual Studio Solution File, Format Version 12.00
# Visual Studio Version 16
VisualStudioVersion = 16.0.31129.286
MinimumVisualStudioVersion = 10.0.40219.1
Project("{FAE04EC0-301F-11D3-BF4B-00C04F79EFBC}") = "TranKhacHuanFoodShop", "TranKhacHuanFoodShop\TranKhacHuanFoodShop.csproj", "{BD1049A7-DA4D-4330-96F7-BFE2C9FD2A7B}"
EndProject
Project("{FAE04EC0-301F-11D3-BF4B-00C04F79EFBC}") = "Models", "Models\Models.csproj", "{A11C2583-5247-4CAD-BC6B-6ED9A77638BC}"
EndProject
Global
	GlobalSection(SolutionConfigurationPlatforms) = preSolution
		Debug|Any CPU = Debug|Any CPU
		Release|Any CPU = Release|Any CPU
	EndGlobalSection
	GlobalSection(ProjectConfigurationPlatforms) = postSolution
		{BD1049A7-DA4D-4330-96F7-BFE2C9FD2A7B}.Debug|Any CPU.ActiveCfg = Debug|Any CPU
		{BD1049A7-DA4D-4330-96F7-BFE2C9FD2A7B}.Debug|Any CPU.Build.0 = Debug|Any CPU
		{BD1049A7-DA4D-4330-96F7-BFE2C9FD2A7B}.Release|Any CPU.ActiveCfg = Release|Any CPU
		{BD1049A7-DA4D-4330-96F7-BFE2C9FD2A7B}.Release|Any CPU.Build.0 = Release|Any CPU
		{A11C2583-5247-4CAD-BC6B-6ED9A77638BC}.Debug|Any CPU.ActiveCfg = Debug|Any CPU
		{A11C2583-5247-4CAD-BC6B-6ED9A77638BC}.Debug|Any CPU.Build.0 = Debug|Any CPU
		{A11C2583-5247-4CAD-BC6B-6ED9A77638BC}.Release|Any CPU.ActiveCfg = Release|Any CPU
		{A11C2583-5247-4CAD-BC6B-6ED9A77638BC}.Release|Any CPU.Build.0 = Release|Any CPU
	EndGlobalSection
	GlobalSection(SolutionProperties) = preSolution
		HideSolutionNode = FALSE
	EndGlobalSection
	GlobalSection(ExtensibilityGlobals) = postSolution
		SolutionGuid = {4C9D14FC-92EB-45B4-BFC7-50EA96A366A4}
	EndGlobalSection
EndGlobal
